<Solution>
  <Project Path="Assembly-CSharp.csproj" />
  <Project Path="MoreMountains.Tools.csproj" />
  <Project Path="LeanLocalization.csproj" />
  <Project Path="Google.Android.AppBundle.Editor.csproj" />
  <Project Path="LeanCommon.csproj" />
  <Project Path="MoreMountains.Tools.Editor.csproj" />
  <Project Path="Lofelt.NiceVibrations.csproj" />
  <Project Path="Google.Play.Common.csproj" />
  <Project Path="Assembly-CSharp-firstpass.csproj" />
  <Project Path="CFXRRuntime.csproj" />
  <Project Path="CFXRDemo.csproj" />
  <Project Path="CW.Common.csproj" />
  <Project Path="Unity.VectorGraphics.csproj" />
  <Project Path="CFXREditor.csproj" />
  <Project Path="Unity.VectorGraphics.Editor.csproj" />
  <Project Path="Assembly-CSharp-Editor.csproj" />
  <Project Path="Lofelt.NiceVibrations.Demo.csproj" />
  <Project Path="Google.Play.Core.csproj" />
  <Project Path="KinoBloom.Runtime.csproj" />
  <Project Path="Google.Play.Review.csproj" />
  <Project Path="Lofelt.NiceVibrations.Editor.csproj" />
  <Project Path="Unity.InternalAPIEngineBridge.003.csproj" />
  <Project Path="LeanLocalizationEditor.csproj" />
  <Project Path="CFXR.WelcomeScreen.csproj" />
  <Project Path="FirebaseMessagingActivityGenerator.csproj" />
  <Project Path="ToonyColorsPro.Demo.Editor.csproj" />
  <Project Path="Unity.InternalAPIEditorBridge.003.csproj" />
  <Project Path="Assembly-CSharp-Editor-firstpass.csproj" />
</Solution>
